# This file is autogenerated, do not edit; changes may be undone by the next 'dep ensure'.


[[projects]]
  branch = "master"
  name = "github.com/dustin/go-follow"
  packages = ["."]
  revision = "cca345e4ed08b2222bfb4f8b3a92256452fd50d5"

[solve-meta]
  analyzer-name = "dep"
  analyzer-version = 1
  inputs-digest = "079288878ed6e204277d9d3a4c61505a6c5853d3d677d123b7238ef9d520fedc"
  solver-name = "gps-cdcl"
  solver-version = 1
